// !$*UTF8*$!
{
	archiveVersion = 1;
	classes = {
	};
	objectVersion = 46;
	objects = {

/* Begin PBXBuildFile section */
		992DEDA518ED963A005CD768 /* Foundation.framework in Frameworks */ = {isa = PBXBuildFile; fileRef = 992DEDA418ED963A005CD768 /* Foundation.framework */; };
		992DEDAA18ED963A005CD768 /* Hybridge.h in CopyFiles */ = {isa = PBXBuildFile; fileRef = 992DEDA918ED963A005CD768 /* Hybridge.h */; };
		992DEDB318ED963A005CD768 /* XCTest.framework in Frameworks */ = {isa = PBXBuildFile; fileRef = 992DEDB218ED963A005CD768 /* XCTest.framework */; };
		992DEDB418ED963A005CD768 /* Foundation.framework in Frameworks */ = {isa = PBXBuildFile; fileRef = 992DEDA418ED963A005CD768 /* Foundation.framework */; };
		992DEDB618ED963A005CD768 /* UIKit.framework in Frameworks */ = {isa = PBXBuildFile; fileRef = 992DEDB518ED963A005CD768 /* UIKit.framework */; };
		992DEDB918ED963A005CD768 /* libHybridge.a in Frameworks */ = {isa = PBXBuildFile; fileRef = 992DEDA118ED963A005CD768 /* libHybridge.a */; };
		992DEDBF18ED963A005CD768 /* InfoPlist.strings in Resources */ = {isa = PBXBuildFile; fileRef = 992DEDBD18ED963A005CD768 /* InfoPlist.strings */; };
		992DEDCC18ED97FB005CD768 /* Hybridge.h in Headers */ = {isa = PBXBuildFile; fileRef = 992DEDA918ED963A005CD768 /* Hybridge.h */; settings = {ATTRIBUTES = (Public, ); }; };
		992DEDCF18ED9BA7005CD768 /* HYBBridge.h in Headers */ = {isa = PBXBuildFile; fileRef = 992DEDCD18ED9BA7005CD768 /* HYBBridge.h */; settings = {ATTRIBUTES = (Public, ); }; };
		992DEDD018ED9BA7005CD768 /* HYBBridge.m in Sources */ = {isa = PBXBuildFile; fileRef = 992DEDCE18ED9BA7005CD768 /* HYBBridge.m */; };
		9947021218EDB672007A6D8E /* HYBWebViewController.h in Headers */ = {isa = PBXBuildFile; fileRef = 9947021018EDB672007A6D8E /* HYBWebViewController.h */; settings = {ATTRIBUTES = (Public, ); }; };
		9947021318EDB672007A6D8E /* HYBWebViewController.m in Sources */ = {isa = PBXBuildFile; fileRef = 9947021118EDB672007A6D8E /* HYBWebViewController.m */; };
		9960C8AC18EE914600FEC7DB /* WKWebView+Hybridge.h in Headers */ = {isa = PBXBuildFile; fileRef = 9960C8AA18EE914600FEC7DB /* WKWebView+Hybridge.h */; settings = {ATTRIBUTES = (Public, ); }; };
		9960C8AD18EE914600FEC7DB /* WKWebView+Hybridge.m in Sources */ = {isa = PBXBuildFile; fileRef = 9960C8AB18EE914600FEC7DB /* WKWebView+Hybridge.m */; };
		9960C8B018EE971E00FEC7DB /* NSHTTPURLResponse+Hybridge.h in Headers */ = {isa = PBXBuildFile; fileRef = 9960C8AE18EE971E00FEC7DB /* NSHTTPURLResponse+Hybridge.h */; settings = {ATTRIBUTES = (Public, ); }; };
		9960C8B118EE971E00FEC7DB /* NSHTTPURLResponse+Hybridge.m in Sources */ = {isa = PBXBuildFile; fileRef = 9960C8AF18EE971E00FEC7DB /* NSHTTPURLResponse+Hybridge.m */; };
		9960C8D118EEC2CE00FEC7DB /* libOCMock.a in Frameworks */ = {isa = PBXBuildFile; fileRef = 9960C8C918EEC2CE00FEC7DB /* libOCMock.a */; };
		9960C8D318EEC45800FEC7DB /* NSHTTPURLResponseHybridgeTests.m in Sources */ = {isa = PBXBuildFile; fileRef = 9960C8D218EEC45800FEC7DB /* NSHTTPURLResponseHybridgeTests.m */; };
		9960C8D818EED54200FEC7DB /* HYBTestCase.m in Sources */ = {isa = PBXBuildFile; fileRef = 9960C8D718EED54200FEC7DB /* HYBTestCase.m */; };
		9960C8DB18EEDB8000FEC7DB /* NSString+Hybridge.h in Headers */ = {isa = PBXBuildFile; fileRef = 9960C8D918EEDB8000FEC7DB /* NSString+Hybridge.h */; settings = {ATTRIBUTES = (Private, ); }; };
		9960C8DC18EEDB8000FEC7DB /* NSString+Hybridge.m in Sources */ = {isa = PBXBuildFile; fileRef = 9960C8DA18EEDB8000FEC7DB /* NSString+Hybridge.m */; };
		9960C8DE18EEDC6500FEC7DB /* NSStringHybridgeTests.m in Sources */ = {isa = PBXBuildFile; fileRef = 9960C8DD18EEDC6500FEC7DB /* NSStringHybridgeTests.m */; };
		9960C8E018EEE83A00FEC7DB /* HYBBridgeTests.m in Sources */ = {isa = PBXBuildFile; fileRef = 9960C8DF18EEE83A00FEC7DB /* HYBBridgeTests.m */; };
		E31BAF1E241B60E0000720D6 /* HYBEvent.h in Headers */ = {isa = PBXBuildFile; fileRef = E31BAF1C241B60E0000720D6 /* HYBEvent.h */; };
		E31BAF1F241B60E0000720D6 /* HYBEvent.m in Sources */ = {isa = PBXBuildFile; fileRef = E31BAF1D241B60E0000720D6 /* HYBEvent.m */; };
/* End PBXBuildFile section */

/* Begin PBXContainerItemProxy section */
		992DEDB718ED963A005CD768 /* PBXContainerItemProxy */ = {
			isa = PBXContainerItemProxy;
			containerPortal = 992DED9918ED963A005CD768 /* Project object */;
			proxyType = 1;
			remoteGlobalIDString = 992DEDA018ED963A005CD768;
			remoteInfo = Hybridge;
		};
/* End PBXContainerItemProxy section */

/* Begin PBXCopyFilesBuildPhase section */
		992DED9F18ED963A005CD768 /* CopyFiles */ = {
			isa = PBXCopyFilesBuildPhase;
			buildActionMask = 2147483647;
			dstPath = "include/$(PRODUCT_NAME)";
			dstSubfolderSpec = 16;
			files = (
				992DEDAA18ED963A005CD768 /* Hybridge.h in CopyFiles */,
			);
			runOnlyForDeploymentPostprocessing = 0;
		};
/* End PBXCopyFilesBuildPhase section */

/* Begin PBXFileReference section */
		992DEDA118ED963A005CD768 /* libHybridge.a */ = {isa = PBXFileReference; explicitFileType = archive.ar; includeInIndex = 0; path = libHybridge.a; sourceTree = BUILT_PRODUCTS_DIR; };
		992DEDA418ED963A005CD768 /* Foundation.framework */ = {isa = PBXFileReference; lastKnownFileType = wrapper.framework; name = Foundation.framework; path = System/Library/Frameworks/Foundation.framework; sourceTree = SDKROOT; };
		992DEDA818ED963A005CD768 /* Hybridge-Prefix.pch */ = {isa = PBXFileReference; lastKnownFileType = sourcecode.c.h; path = "Hybridge-Prefix.pch"; sourceTree = "<group>"; };
		992DEDA918ED963A005CD768 /* Hybridge.h */ = {isa = PBXFileReference; lastKnownFileType = sourcecode.c.h; path = Hybridge.h; sourceTree = "<group>"; };
		992DEDB118ED963A005CD768 /* HybridgeTests.xctest */ = {isa = PBXFileReference; explicitFileType = wrapper.cfbundle; includeInIndex = 0; path = HybridgeTests.xctest; sourceTree = BUILT_PRODUCTS_DIR; };
		992DEDB218ED963A005CD768 /* XCTest.framework */ = {isa = PBXFileReference; lastKnownFileType = wrapper.framework; name = XCTest.framework; path = Library/Frameworks/XCTest.framework; sourceTree = DEVELOPER_DIR; };
		992DEDB518ED963A005CD768 /* UIKit.framework */ = {isa = PBXFileReference; lastKnownFileType = wrapper.framework; name = UIKit.framework; path = Library/Frameworks/UIKit.framework; sourceTree = DEVELOPER_DIR; };
		992DEDBC18ED963A005CD768 /* HybridgeTests-Info.plist */ = {isa = PBXFileReference; lastKnownFileType = text.plist.xml; path = "HybridgeTests-Info.plist"; sourceTree = "<group>"; };
		992DEDBE18ED963A005CD768 /* en */ = {isa = PBXFileReference; lastKnownFileType = text.plist.strings; name = en; path = en.lproj/InfoPlist.strings; sourceTree = "<group>"; };
		992DEDCD18ED9BA7005CD768 /* HYBBridge.h */ = {isa = PBXFileReference; fileEncoding = 4; lastKnownFileType = sourcecode.c.h; path = HYBBridge.h; sourceTree = "<group>"; };
		992DEDCE18ED9BA7005CD768 /* HYBBridge.m */ = {isa = PBXFileReference; fileEncoding = 4; lastKnownFileType = sourcecode.c.objc; path = HYBBridge.m; sourceTree = "<group>"; };
		9947021018EDB672007A6D8E /* HYBWebViewController.h */ = {isa = PBXFileReference; fileEncoding = 4; lastKnownFileType = sourcecode.c.h; path = HYBWebViewController.h; sourceTree = "<group>"; };
		9947021118EDB672007A6D8E /* HYBWebViewController.m */ = {isa = PBXFileReference; fileEncoding = 4; lastKnownFileType = sourcecode.c.objc; path = HYBWebViewController.m; sourceTree = "<group>"; };
		9960C8AA18EE914600FEC7DB /* WKWebView+Hybridge.h */ = {isa = PBXFileReference; fileEncoding = 4; lastKnownFileType = sourcecode.c.h; path = "WKWebView+Hybridge.h"; sourceTree = "<group>"; };
		9960C8AB18EE914600FEC7DB /* WKWebView+Hybridge.m */ = {isa = PBXFileReference; fileEncoding = 4; lastKnownFileType = sourcecode.c.objc; path = "WKWebView+Hybridge.m"; sourceTree = "<group>"; };
		9960C8AE18EE971E00FEC7DB /* NSHTTPURLResponse+Hybridge.h */ = {isa = PBXFileReference; fileEncoding = 4; lastKnownFileType = sourcecode.c.h; path = "NSHTTPURLResponse+Hybridge.h"; sourceTree = "<group>"; };
		9960C8AF18EE971E00FEC7DB /* NSHTTPURLResponse+Hybridge.m */ = {isa = PBXFileReference; fileEncoding = 4; lastKnownFileType = sourcecode.c.objc; path = "NSHTTPURLResponse+Hybridge.m"; sourceTree = "<group>"; };
		9960C8C918EEC2CE00FEC7DB /* libOCMock.a */ = {isa = PBXFileReference; lastKnownFileType = archive.ar; path = libOCMock.a; sourceTree = "<group>"; };
		9960C8CB18EEC2CE00FEC7DB /* NSNotificationCenter+OCMAdditions.h */ = {isa = PBXFileReference; fileEncoding = 4; lastKnownFileType = sourcecode.c.h; path = "NSNotificationCenter+OCMAdditions.h"; sourceTree = "<group>"; };
		9960C8CC18EEC2CE00FEC7DB /* OCMArg.h */ = {isa = PBXFileReference; fileEncoding = 4; lastKnownFileType = sourcecode.c.h; path = OCMArg.h; sourceTree = "<group>"; };
		9960C8CD18EEC2CE00FEC7DB /* OCMConstraint.h */ = {isa = PBXFileReference; fileEncoding = 4; lastKnownFileType = sourcecode.c.h; path = OCMConstraint.h; sourceTree = "<group>"; };
		9960C8CE18EEC2CE00FEC7DB /* OCMock.h */ = {isa = PBXFileReference; fileEncoding = 4; lastKnownFileType = sourcecode.c.h; path = OCMock.h; sourceTree = "<group>"; };
		9960C8CF18EEC2CE00FEC7DB /* OCMockObject.h */ = {isa = PBXFileReference; fileEncoding = 4; lastKnownFileType = sourcecode.c.h; path = OCMockObject.h; sourceTree = "<group>"; };
		9960C8D018EEC2CE00FEC7DB /* OCMockRecorder.h */ = {isa = PBXFileReference; fileEncoding = 4; lastKnownFileType = sourcecode.c.h; path = OCMockRecorder.h; sourceTree = "<group>"; };
		9960C8D218EEC45800FEC7DB /* NSHTTPURLResponseHybridgeTests.m */ = {isa = PBXFileReference; fileEncoding = 4; lastKnownFileType = sourcecode.c.objc; path = NSHTTPURLResponseHybridgeTests.m; sourceTree = "<group>"; };
		9960C8D618EED54200FEC7DB /* HYBTestCase.h */ = {isa = PBXFileReference; fileEncoding = 4; lastKnownFileType = sourcecode.c.h; path = HYBTestCase.h; sourceTree = "<group>"; };
		9960C8D718EED54200FEC7DB /* HYBTestCase.m */ = {isa = PBXFileReference; fileEncoding = 4; lastKnownFileType = sourcecode.c.objc; path = HYBTestCase.m; sourceTree = "<group>"; };
		9960C8D918EEDB8000FEC7DB /* NSString+Hybridge.h */ = {isa = PBXFileReference; fileEncoding = 4; lastKnownFileType = sourcecode.c.h; path = "NSString+Hybridge.h"; sourceTree = "<group>"; };
		9960C8DA18EEDB8000FEC7DB /* NSString+Hybridge.m */ = {isa = PBXFileReference; fileEncoding = 4; lastKnownFileType = sourcecode.c.objc; path = "NSString+Hybridge.m"; sourceTree = "<group>"; };
		9960C8DD18EEDC6500FEC7DB /* NSStringHybridgeTests.m */ = {isa = PBXFileReference; fileEncoding = 4; lastKnownFileType = sourcecode.c.objc; path = NSStringHybridgeTests.m; sourceTree = "<group>"; };
		9960C8DF18EEE83A00FEC7DB /* HYBBridgeTests.m */ = {isa = PBXFileReference; fileEncoding = 4; lastKnownFileType = sourcecode.c.objc; path = HYBBridgeTests.m; sourceTree = "<group>"; };
		99801D0F18F28B4E0027FC7A /* HYBAsyncTestHelper.h */ = {isa = PBXFileReference; fileEncoding = 4; lastKnownFileType = sourcecode.c.h; lineEnding = 0; path = HYBAsyncTestHelper.h; sourceTree = "<group>"; xcLanguageSpecificationIdentifier = xcode.lang.objcpp; };
		E31BAF15241AD889000720D6 /* Hybridge-Bridging-Header.h */ = {isa = PBXFileReference; lastKnownFileType = sourcecode.c.h; path = "Hybridge-Bridging-Header.h"; sourceTree = "<group>"; };
		E31BAF1C241B60E0000720D6 /* HYBEvent.h */ = {isa = PBXFileReference; fileEncoding = 4; lastKnownFileType = sourcecode.c.h; path = HYBEvent.h; sourceTree = "<group>"; };
		E31BAF1D241B60E0000720D6 /* HYBEvent.m */ = {isa = PBXFileReference; fileEncoding = 4; lastKnownFileType = sourcecode.c.objc; path = HYBEvent.m; sourceTree = "<group>"; };
/* End PBXFileReference section */

/* Begin PBXFrameworksBuildPhase section */
		992DED9E18ED963A005CD768 /* Frameworks */ = {
			isa = PBXFrameworksBuildPhase;
			buildActionMask = 2147483647;
			files = (
				992DEDA518ED963A005CD768 /* Foundation.framework in Frameworks */,
			);
			runOnlyForDeploymentPostprocessing = 0;
		};
		992DEDAE18ED963A005CD768 /* Frameworks */ = {
			isa = PBXFrameworksBuildPhase;
			buildActionMask = 2147483647;
			files = (
				992DEDB318ED963A005CD768 /* XCTest.framework in Frameworks */,
				992DEDB918ED963A005CD768 /* libHybridge.a in Frameworks */,
				992DEDB618ED963A005CD768 /* UIKit.framework in Frameworks */,
				992DEDB418ED963A005CD768 /* Foundation.framework in Frameworks */,
				9960C8D118EEC2CE00FEC7DB /* libOCMock.a in Frameworks */,
			);
			runOnlyForDeploymentPostprocessing = 0;
		};
/* End PBXFrameworksBuildPhase section */

/* Begin PBXGroup section */
		992DED9818ED963A005CD768 = {
			isa = PBXGroup;
			children = (
				992DEDA618ED963A005CD768 /* Hybridge */,
				992DEDBA18ED963A005CD768 /* HybridgeTests */,
				992DEDA318ED963A005CD768 /* Frameworks */,
				992DEDA218ED963A005CD768 /* Products */,
			);
			sourceTree = "<group>";
		};
		992DEDA218ED963A005CD768 /* Products */ = {
			isa = PBXGroup;
			children = (
				992DEDA118ED963A005CD768 /* libHybridge.a */,
				992DEDB118ED963A005CD768 /* HybridgeTests.xctest */,
			);
			name = Products;
			sourceTree = "<group>";
		};
		992DEDA318ED963A005CD768 /* Frameworks */ = {
			isa = PBXGroup;
			children = (
				992DEDA418ED963A005CD768 /* Foundation.framework */,
				992DEDB218ED963A005CD768 /* XCTest.framework */,
				992DEDB518ED963A005CD768 /* UIKit.framework */,
			);
			name = Frameworks;
			sourceTree = "<group>";
		};
		992DEDA618ED963A005CD768 /* Hybridge */ = {
			isa = PBXGroup;
			children = (
				E31BAF1C241B60E0000720D6 /* HYBEvent.h */,
				E31BAF1D241B60E0000720D6 /* HYBEvent.m */,
				992DEDCD18ED9BA7005CD768 /* HYBBridge.h */,
				992DEDCE18ED9BA7005CD768 /* HYBBridge.m */,
				E31BAF15241AD889000720D6 /* Hybridge-Bridging-Header.h */,
				992DEDA918ED963A005CD768 /* Hybridge.h */,
				9947021018EDB672007A6D8E /* HYBWebViewController.h */,
				9947021118EDB672007A6D8E /* HYBWebViewController.m */,
				9960C8AE18EE971E00FEC7DB /* NSHTTPURLResponse+Hybridge.h */,
				9960C8AF18EE971E00FEC7DB /* NSHTTPURLResponse+Hybridge.m */,
				9960C8D918EEDB8000FEC7DB /* NSString+Hybridge.h */,
				9960C8DA18EEDB8000FEC7DB /* NSString+Hybridge.m */,
				992DEDA718ED963A005CD768 /* Supporting Files */,
				9960C8AA18EE914600FEC7DB /* WKWebView+Hybridge.h */,
				9960C8AB18EE914600FEC7DB /* WKWebView+Hybridge.m */,
			);
			path = Hybridge;
			sourceTree = "<group>";
		};
		992DEDA718ED963A005CD768 /* Supporting Files */ = {
			isa = PBXGroup;
			children = (
				992DEDA818ED963A005CD768 /* Hybridge-Prefix.pch */,
			);
			name = "Supporting Files";
			sourceTree = "<group>";
		};
		992DEDBA18ED963A005CD768 /* HybridgeTests */ = {
			isa = PBXGroup;
			children = (
				9960C8C818EEC2CE00FEC7DB /* OCMock */,
				992DEDBB18ED963A005CD768 /* Supporting Files */,
				9960C8D618EED54200FEC7DB /* HYBTestCase.h */,
				9960C8D718EED54200FEC7DB /* HYBTestCase.m */,
				99801D0F18F28B4E0027FC7A /* HYBAsyncTestHelper.h */,
				9960C8D218EEC45800FEC7DB /* NSHTTPURLResponseHybridgeTests.m */,
				9960C8DD18EEDC6500FEC7DB /* NSStringHybridgeTests.m */,
				9960C8DF18EEE83A00FEC7DB /* HYBBridgeTests.m */,
			);
			path = HybridgeTests;
			sourceTree = "<group>";
		};
		992DEDBB18ED963A005CD768 /* Supporting Files */ = {
			isa = PBXGroup;
			children = (
				992DEDBC18ED963A005CD768 /* HybridgeTests-Info.plist */,
				992DEDBD18ED963A005CD768 /* InfoPlist.strings */,
			);
			name = "Supporting Files";
			sourceTree = "<group>";
		};
		9960C8C818EEC2CE00FEC7DB /* OCMock */ = {
			isa = PBXGroup;
			children = (
				9960C8C918EEC2CE00FEC7DB /* libOCMock.a */,
				9960C8CA18EEC2CE00FEC7DB /* OCMock */,
			);
			path = OCMock;
			sourceTree = SOURCE_ROOT;
		};
		9960C8CA18EEC2CE00FEC7DB /* OCMock */ = {
			isa = PBXGroup;
			children = (
				9960C8CB18EEC2CE00FEC7DB /* NSNotificationCenter+OCMAdditions.h */,
				9960C8CC18EEC2CE00FEC7DB /* OCMArg.h */,
				9960C8CD18EEC2CE00FEC7DB /* OCMConstraint.h */,
				9960C8CE18EEC2CE00FEC7DB /* OCMock.h */,
				9960C8CF18EEC2CE00FEC7DB /* OCMockObject.h */,
				9960C8D018EEC2CE00FEC7DB /* OCMockRecorder.h */,
			);
			path = OCMock;
			sourceTree = "<group>";
		};
/* End PBXGroup section */

/* Begin PBXHeadersBuildPhase section */
		992DEDCB18ED97DC005CD768 /* Headers */ = {
			isa = PBXHeadersBuildPhase;
			buildActionMask = 2147483647;
			files = (
				E31BAF1E241B60E0000720D6 /* HYBEvent.h in Headers */,
				9960C8AC18EE914600FEC7DB /* WKWebView+Hybridge.h in Headers */,
				992DEDCC18ED97FB005CD768 /* Hybridge.h in Headers */,
				9960C8DB18EEDB8000FEC7DB /* NSString+Hybridge.h in Headers */,
				9947021218EDB672007A6D8E /* HYBWebViewController.h in Headers */,
				9960C8B018EE971E00FEC7DB /* NSHTTPURLResponse+Hybridge.h in Headers */,
				992DEDCF18ED9BA7005CD768 /* HYBBridge.h in Headers */,
			);
			runOnlyForDeploymentPostprocessing = 0;
		};
/* End PBXHeadersBuildPhase section */

/* Begin PBXNativeTarget section */
		992DEDA018ED963A005CD768 /* Hybridge */ = {
			isa = PBXNativeTarget;
			buildConfigurationList = 992DEDC418ED963A005CD768 /* Build configuration list for PBXNativeTarget "Hybridge" */;
			buildPhases = (
				992DED9D18ED963A005CD768 /* Sources */,
				992DED9E18ED963A005CD768 /* Frameworks */,
				992DED9F18ED963A005CD768 /* CopyFiles */,
				992DEDCB18ED97DC005CD768 /* Headers */,
			);
			buildRules = (
			);
			dependencies = (
			);
			name = Hybridge;
			productName = Hybridge;
			productReference = 992DEDA118ED963A005CD768 /* libHybridge.a */;
			productType = "com.apple.product-type.library.static";
		};
		992DEDB018ED963A005CD768 /* HybridgeTests */ = {
			isa = PBXNativeTarget;
			buildConfigurationList = 992DEDC718ED963A005CD768 /* Build configuration list for PBXNativeTarget "HybridgeTests" */;
			buildPhases = (
				992DEDAD18ED963A005CD768 /* Sources */,
				992DEDAE18ED963A005CD768 /* Frameworks */,
				992DEDAF18ED963A005CD768 /* Resources */,
			);
			buildRules = (
			);
			dependencies = (
				992DEDB818ED963A005CD768 /* PBXTargetDependency */,
			);
			name = HybridgeTests;
			productName = HybridgeTests;
			productReference = 992DEDB118ED963A005CD768 /* HybridgeTests.xctest */;
			productType = "com.apple.product-type.bundle.unit-test";
		};
/* End PBXNativeTarget section */

/* Begin PBXProject section */
		992DED9918ED963A005CD768 /* Project object */ = {
			isa = PBXProject;
			attributes = {
				CLASSPREFIX = HYB;
				LastUpgradeCheck = 0510;
				ORGANIZATIONNAME = "Telefonica I+D";
				TargetAttributes = {
					992DEDA018ED963A005CD768 = {
						LastSwiftMigration = 1130;
					};
				};
			};
			buildConfigurationList = 992DED9C18ED963A005CD768 /* Build configuration list for PBXProject "Hybridge" */;
			compatibilityVersion = "Xcode 3.2";
			developmentRegion = English;
			hasScannedForEncodings = 0;
			knownRegions = (
				English,
				en,
			);
			mainGroup = 992DED9818ED963A005CD768;
			productRefGroup = 992DEDA218ED963A005CD768 /* Products */;
			projectDirPath = "";
			projectRoot = "";
			targets = (
				992DEDA018ED963A005CD768 /* Hybridge */,
				992DEDB018ED963A005CD768 /* HybridgeTests */,
			);
		};
/* End PBXProject section */

/* Begin PBXResourcesBuildPhase section */
		992DEDAF18ED963A005CD768 /* Resources */ = {
			isa = PBXResourcesBuildPhase;
			buildActionMask = 2147483647;
			files = (
				992DEDBF18ED963A005CD768 /* InfoPlist.strings in Resources */,
			);
			runOnlyForDeploymentPostprocessing = 0;
		};
/* End PBXResourcesBuildPhase section */

/* Begin PBXSourcesBuildPhase section */
		992DED9D18ED963A005CD768 /* Sources */ = {
			isa = PBXSourcesBuildPhase;
			buildActionMask = 2147483647;
			files = (
				9960C8B118EE971E00FEC7DB /* NSHTTPURLResponse+Hybridge.m in Sources */,
				9947021318EDB672007A6D8E /* HYBWebViewController.m in Sources */,
				E31BAF1F241B60E0000720D6 /* HYBEvent.m in Sources */,
				992DEDD018ED9BA7005CD768 /* HYBBridge.m in Sources */,
				9960C8AD18EE914600FEC7DB /* WKWebView+Hybridge.m in Sources */,
				9960C8DC18EEDB8000FEC7DB /* NSString+Hybridge.m in Sources */,
			);
			runOnlyForDeploymentPostprocessing = 0;
		};
		992DEDAD18ED963A005CD768 /* Sources */ = {
			isa = PBXSourcesBuildPhase;
			buildActionMask = 2147483647;
			files = (
				9960C8DE18EEDC6500FEC7DB /* NSStringHybridgeTests.m in Sources */,
				9960C8D318EEC45800FEC7DB /* NSHTTPURLResponseHybridgeTests.m in Sources */,
				9960C8E018EEE83A00FEC7DB /* HYBBridgeTests.m in Sources */,
				9960C8D818EED54200FEC7DB /* HYBTestCase.m in Sources */,
			);
			runOnlyForDeploymentPostprocessing = 0;
		};
/* End PBXSourcesBuildPhase section */

/* Begin PBXTargetDependency section */
		992DEDB818ED963A005CD768 /* PBXTargetDependency */ = {
			isa = PBXTargetDependency;
			target = 992DEDA018ED963A005CD768 /* Hybridge */;
			targetProxy = 992DEDB718ED963A005CD768 /* PBXContainerItemProxy */;
		};
/* End PBXTargetDependency section */

/* Begin PBXVariantGroup section */
		992DEDBD18ED963A005CD768 /* InfoPlist.strings */ = {
			isa = PBXVariantGroup;
			children = (
				992DEDBE18ED963A005CD768 /* en */,
			);
			name = InfoPlist.strings;
			sourceTree = "<group>";
		};
/* End PBXVariantGroup section */

/* Begin XCBuildConfiguration section */
		992DEDC218ED963A005CD768 /* Debug */ = {
			isa = XCBuildConfiguration;
			buildSettings = {
				ALWAYS_SEARCH_USER_PATHS = NO;
				CLANG_CXX_LANGUAGE_STANDARD = "gnu++0x";
				CLANG_CXX_LIBRARY = "libc++";
				CLANG_ENABLE_MODULES = YES;
				CLANG_ENABLE_OBJC_ARC = YES;
				CLANG_WARN_BOOL_CONVERSION = YES;
				CLANG_WARN_CONSTANT_CONVERSION = YES;
				CLANG_WARN_DIRECT_OBJC_ISA_USAGE = YES_ERROR;
				CLANG_WARN_EMPTY_BODY = YES;
				CLANG_WARN_ENUM_CONVERSION = YES;
				CLANG_WARN_INT_CONVERSION = YES;
				CLANG_WARN_OBJC_ROOT_CLASS = YES_ERROR;
				CLANG_WARN__DUPLICATE_METHOD_MATCH = YES;
				COPY_PHASE_STRIP = NO;
				GCC_C_LANGUAGE_STANDARD = gnu99;
				GCC_DYNAMIC_NO_PIC = NO;
				GCC_OPTIMIZATION_LEVEL = 0;
				GCC_PREPROCESSOR_DEFINITIONS = (
					"DEBUG=1",
					"$(inherited)",
				);
				GCC_SYMBOLS_PRIVATE_EXTERN = NO;
				GCC_WARN_64_TO_32_BIT_CONVERSION = YES;
				GCC_WARN_ABOUT_RETURN_TYPE = YES_ERROR;
				GCC_WARN_UNDECLARED_SELECTOR = YES;
				GCC_WARN_UNINITIALIZED_AUTOS = YES_AGGRESSIVE;
				GCC_WARN_UNUSED_FUNCTION = YES;
				GCC_WARN_UNUSED_VARIABLE = YES;
				IPHONEOS_DEPLOYMENT_TARGET = 10.0;
				ONLY_ACTIVE_ARCH = YES;
				SDKROOT = iphoneos;
			};
			name = Debug;
		};
		992DEDC318ED963A005CD768 /* Release */ = {
			isa = XCBuildConfiguration;
			buildSettings = {
				ALWAYS_SEARCH_USER_PATHS = NO;
				CLANG_CXX_LANGUAGE_STANDARD = "gnu++0x";
				CLANG_CXX_LIBRARY = "libc++";
				CLANG_ENABLE_MODULES = YES;
				CLANG_ENABLE_OBJC_ARC = YES;
				CLANG_WARN_BOOL_CONVERSION = YES;
				CLANG_WARN_CONSTANT_CONVERSION = YES;
				CLANG_WARN_DIRECT_OBJC_ISA_USAGE = YES_ERROR;
				CLANG_WARN_EMPTY_BODY = YES;
				CLANG_WARN_ENUM_CONVERSION = YES;
				CLANG_WARN_INT_CONVERSION = YES;
				CLANG_WARN_OBJC_ROOT_CLASS = YES_ERROR;
				CLANG_WARN__DUPLICATE_METHOD_MATCH = YES;
				COPY_PHASE_STRIP = YES;
				ENABLE_NS_ASSERTIONS = NO;
				GCC_C_LANGUAGE_STANDARD = gnu99;
				GCC_WARN_64_TO_32_BIT_CONVERSION = YES;
				GCC_WARN_ABOUT_RETURN_TYPE = YES_ERROR;
				GCC_WARN_UNDECLARED_SELECTOR = YES;
				GCC_WARN_UNINITIALIZED_AUTOS = YES_AGGRESSIVE;
				GCC_WARN_UNUSED_FUNCTION = YES;
				GCC_WARN_UNUSED_VARIABLE = YES;
				IPHONEOS_DEPLOYMENT_TARGET = 10.0;
				SDKROOT = iphoneos;
				VALIDATE_PRODUCT = YES;
			};
			name = Release;
		};
		992DEDC518ED963A005CD768 /* Debug */ = {
			isa = XCBuildConfiguration;
			buildSettings = {
				CLANG_ENABLE_MODULES = YES;
				DSTROOT = /tmp/Hybridge.dst;
				GCC_PRECOMPILE_PREFIX_HEADER = YES;
				GCC_PREFIX_HEADER = "Hybridge/Hybridge-Prefix.pch";
				IPHONEOS_DEPLOYMENT_TARGET = 10.0;
				LD_RUNPATH_SEARCH_PATHS = "$(inherited) @executable_path/Frameworks @loader_path/Frameworks";
				OTHER_LDFLAGS = "-ObjC";
				PRODUCT_NAME = "$(TARGET_NAME)";
				SKIP_INSTALL = YES;
				SWIFT_OBJC_BRIDGING_HEADER = "Hybridge/Hybridge-Bridging-Header.h";
				SWIFT_OPTIMIZATION_LEVEL = "-Onone";
				SWIFT_VERSION = 5.0;
			};
			name = Debug;
		};
		992DEDC618ED963A005CD768 /* Release */ = {
			isa = XCBuildConfiguration;
			buildSettings = {
				CLANG_ENABLE_MODULES = YES;
				DSTROOT = /tmp/Hybridge.dst;
				GCC_PRECOMPILE_PREFIX_HEADER = YES;
				GCC_PREFIX_HEADER = "Hybridge/Hybridge-Prefix.pch";
				IPHONEOS_DEPLOYMENT_TARGET = 10.0;
				LD_RUNPATH_SEARCH_PATHS = "$(inherited) @executable_path/Frameworks @loader_path/Frameworks";
				OTHER_LDFLAGS = "-ObjC";
				PRODUCT_NAME = "$(TARGET_NAME)";
				SKIP_INSTALL = YES;
				SWIFT_OBJC_BRIDGING_HEADER = "Hybridge/Hybridge-Bridging-Header.h";
				SWIFT_VERSION = 5.0;
			};
			name = Release;
		};
		992DEDC818ED963A005CD768 /* Debug */ = {
			isa = XCBuildConfiguration;
			buildSettings = {
				FRAMEWORK_SEARCH_PATHS = (
					"$(SDKROOT)/Developer/Library/Frameworks",
					"$(inherited)",
					"$(DEVELOPER_FRAMEWORKS_DIR)",
				);
				GCC_PRECOMPILE_PREFIX_HEADER = YES;
				GCC_PREFIX_HEADER = "Hybridge/Hybridge-Prefix.pch";
				GCC_PREPROCESSOR_DEFINITIONS = (
					"DEBUG=1",
					"$(inherited)",
				);
				HEADER_SEARCH_PATHS = (
					"$(inherited)",
					/Applications/Xcode.app/Contents/Developer/Toolchains/XcodeDefault.xctoolchain/usr/include,
					"\"$(SRCROOT)/OCMock\"",
				);
				INFOPLIST_FILE = "HybridgeTests/HybridgeTests-Info.plist";
				LIBRARY_SEARCH_PATHS = (
					"$(inherited)",
					"$(PROJECT_DIR)/OCMock",
				);
				OTHER_LDFLAGS = (
					"$(inherited)",
					"-framework",
					XCTest,
					"-force_load",
					"\"$(SRCROOT)/OCMock/libOCMock.a\"",
					"-ObjC",
				);
				PRODUCT_NAME = "$(TARGET_NAME)";
				WRAPPER_EXTENSION = xctest;
			};
			name = Debug;
		};
		992DEDC918ED963A005CD768 /* Release */ = {
			isa = XCBuildConfiguration;
			buildSettings = {
				FRAMEWORK_SEARCH_PATHS = (
					"$(SDKROOT)/Developer/Library/Frameworks",
					"$(inherited)",
					"$(DEVELOPER_FRAMEWORKS_DIR)",
				);
				GCC_PRECOMPILE_PREFIX_HEADER = YES;
				GCC_PREFIX_HEADER = "Hybridge/Hybridge-Prefix.pch";
				HEADER_SEARCH_PATHS = (
					"$(inherited)",
					/Applications/Xcode.app/Contents/Developer/Toolchains/XcodeDefault.xctoolchain/usr/include,
					"\"$(SRCROOT)/OCMock\"",
				);
				INFOPLIST_FILE = "HybridgeTests/HybridgeTests-Info.plist";
				LIBRARY_SEARCH_PATHS = (
					"$(inherited)",
					"$(PROJECT_DIR)/OCMock",
				);
				OTHER_LDFLAGS = (
					"$(inherited)",
					"-framework",
					XCTest,
					"-force_load",
					"\"$(SRCROOT)/OCMock/libOCMock.a\"",
					"-ObjC",
				);
				PRODUCT_NAME = "$(TARGET_NAME)";
				WRAPPER_EXTENSION = xctest;
			};
			name = Release;
		};
/* End XCBuildConfiguration section */

/* Begin XCConfigurationList section */
		992DED9C18ED963A005CD768 /* Build configuration list for PBXProject "Hybridge" */ = {
			isa = XCConfigurationList;
			buildConfigurations = (
				992DEDC218ED963A005CD768 /* Debug */,
				992DEDC318ED963A005CD768 /* Release */,
			);
			defaultConfigurationIsVisible = 0;
			defaultConfigurationName = Release;
		};
		992DEDC418ED963A005CD768 /* Build configuration list for PBXNativeTarget "Hybridge" */ = {
			isa = XCConfigurationList;
			buildConfigurations = (
				992DEDC518ED963A005CD768 /* Debug */,
				992DEDC618ED963A005CD768 /* Release */,
			);
			defaultConfigurationIsVisible = 0;
			defaultConfigurationName = Release;
		};
		992DEDC718ED963A005CD768 /* Build configuration list for PBXNativeTarget "HybridgeTests" */ = {
			isa = XCConfigurationList;
			buildConfigurations = (
				992DEDC818ED963A005CD768 /* Debug */,
				992DEDC918ED963A005CD768 /* Release */,
			);
			defaultConfigurationIsVisible = 0;
			defaultConfigurationName = Release;
		};
/* End XCConfigurationList section */
	};
	rootObject = 992DED9918ED963A005CD768 /* Project object */;
}
